
Microsoft Visual Studio Solution File, Format Version 12.00
# Visual Studio Version 17
VisualStudioVersion = 17.9.34728.123
MinimumVisualStudioVersion = 10.0.40219.1
Project("{2150E333-8FDC-42A3-9474-1A3956D46DE8}") = "src", "src", "{AF3E5E8D-A8CA-4401-8ABB-674CD98BA038}"
EndProject
Project("{2150E333-8FDC-42A3-9474-1A3956D46DE8}") = "test", "test", "{A5590BF5-74E4-4CB9-B8FA-0B08B4BAC3F9}"
EndProject
Project("{FAE04EC0-301F-11D3-BF4B-00C04F79EFBC}") = "ShortSnippets", "src\ShortSnippets\ShortSnippets.csproj", "{84EAD005-8160-47B4-BC68-E533D5B74F46}"
EndProject
Project("{FAE04EC0-301F-11D3-BF4B-00C04F79EFBC}") = "ShortSnippets.UnitTest", "test\ShortSnippets.UnitTest\ShortSnippets.UnitTest.csproj", "{B23B9D9B-CA41-4283-80C0-86D2A66757C9}"
EndProject
Global
	GlobalSection(SolutionConfigurationPlatforms) = preSolution
		Debug|Any CPU = Debug|Any CPU
		Release|Any CPU = Release|Any CPU
	EndGlobalSection
	GlobalSection(ProjectConfigurationPlatforms) = postSolution
		{84EAD005-8160-47B4-BC68-E533D5B74F46}.Debug|Any CPU.ActiveCfg = Debug|Any CPU
		{84EAD005-8160-47B4-BC68-E533D5B74F46}.Debug|Any CPU.Build.0 = Debug|Any CPU
		{84EAD005-8160-47B4-BC68-E533D5B74F46}.Release|Any CPU.ActiveCfg = Release|Any CPU
		{84EAD005-8160-47B4-BC68-E533D5B74F46}.Release|Any CPU.Build.0 = Release|Any CPU
		{B23B9D9B-CA41-4283-80C0-86D2A66757C9}.Debug|Any CPU.ActiveCfg = Debug|Any CPU
		{B23B9D9B-CA41-4283-80C0-86D2A66757C9}.Debug|Any CPU.Build.0 = Debug|Any CPU
		{B23B9D9B-CA41-4283-80C0-86D2A66757C9}.Release|Any CPU.ActiveCfg = Release|Any CPU
		{B23B9D9B-CA41-4283-80C0-86D2A66757C9}.Release|Any CPU.Build.0 = Release|Any CPU
	EndGlobalSection
	GlobalSection(SolutionProperties) = preSolution
		HideSolutionNode = FALSE
	EndGlobalSection
	GlobalSection(NestedProjects) = preSolution
		{84EAD005-8160-47B4-BC68-E533D5B74F46} = {AF3E5E8D-A8CA-4401-8ABB-674CD98BA038}
		{B23B9D9B-CA41-4283-80C0-86D2A66757C9} = {A5590BF5-74E4-4CB9-B8FA-0B08B4BAC3F9}
	EndGlobalSection
	GlobalSection(ExtensibilityGlobals) = postSolution
		SolutionGuid = {31A9E6A1-E20C-49D7-A657-6364C7F12C9C}
	EndGlobalSection
EndGlobal
